
Microsoft Visual Studio Solution File, Format Version 12.00
# Visual Studio Version 17
VisualStudioVersion = 17.3.32901.215
MinimumVisualStudioVersion = 10.0.40219.1
Project("{FAE04EC0-301F-11D3-BF4B-00C04F79EFBC}") = "AutomationWPFTest", "AutomationWPFTest\AutomationWPFTest.csproj", "{4C196B29-53A4-4A74-9613-ED51F4782D7D}"
EndProject
Global
	GlobalSection(SolutionConfigurationPlatforms) = preSolution
		Debug|Any CPU = Debug|Any CPU
		Release|Any CPU = Release|Any CPU
	EndGlobalSection
	GlobalSection(ProjectConfigurationPlatforms) = postSolution
		{4C196B29-53A4-4A74-9613-ED51F4782D7D}.Debug|Any CPU.ActiveCfg = Debug|Any CPU
		{4C196B29-53A4-4A74-9613-ED51F4782D7D}.Debug|Any CPU.Build.0 = Debug|Any CPU
		{4C196B29-53A4-4A74-9613-ED51F4782D7D}.Release|Any CPU.ActiveCfg = Release|Any CPU
		{4C196B29-53A4-4A74-9613-ED51F4782D7D}.Release|Any CPU.Build.0 = Release|Any CPU
	EndGlobalSection
	GlobalSection(SolutionProperties) = preSolution
		HideSolutionNode = FALSE
	EndGlobalSection
	GlobalSection(ExtensibilityGlobals) = postSolution
		SolutionGuid = {69B9C6EA-9BBC-4E61-A234-EEEDD5FDE764}
	EndGlobalSection
EndGlobal
